
Microsoft Visual Studio Solution File, Format Version 11.00
# Visual Studio 2010
Project("{FAE04EC0-301F-11D3-BF4B-00C04F79EFBC}") = "ColonelChip", "ColonelChip\ColonelChip\ColonelChip.csproj", "{6EE65CF2-4D7E-4D94-BE64-F216EDC03FE2}"
EndProject
Project("{FAE04EC0-301F-11D3-BF4B-00C04F79EFBC}") = "ColonelChipContent", "ColonelChip\ColonelChipContent\ColonelChipContent.contentproj", "{159D9D7D-8438-416A-ACF6-DB186D0F33F8}"
EndProject
Global
	GlobalSection(SolutionConfigurationPlatforms) = preSolution
		Debug|x86 = Debug|x86
		Release|x86 = Release|x86
	EndGlobalSection
	GlobalSection(ProjectConfigurationPlatforms) = postSolution
		{6EE65CF2-4D7E-4D94-BE64-F216EDC03FE2}.Debug|x86.ActiveCfg = Debug|x86
		{6EE65CF2-4D7E-4D94-BE64-F216EDC03FE2}.Debug|x86.Build.0 = Debug|x86
		{6EE65CF2-4D7E-4D94-BE64-F216EDC03FE2}.Release|x86.ActiveCfg = Release|x86
		{6EE65CF2-4D7E-4D94-BE64-F216EDC03FE2}.Release|x86.Build.0 = Release|x86
		{159D9D7D-8438-416A-ACF6-DB186D0F33F8}.Debug|x86.ActiveCfg = Debug|x86
		{159D9D7D-8438-416A-ACF6-DB186D0F33F8}.Release|x86.ActiveCfg = Release|x86
	EndGlobalSection
	GlobalSection(SolutionProperties) = preSolution
		HideSolutionNode = FALSE
	EndGlobalSection
EndGlobal
